
Microsoft Visual Studio Solution File, Format Version 12.00
# Visual Studio Version 17
VisualStudioVersion = 17.13.35931.197 d17.13
MinimumVisualStudioVersion = 10.0.40219.1
Project("{FAE04EC0-301F-11D3-BF4B-00C04F79EFBC}") = "MonkeyShelter.API", "MonkeyShelter.API\MonkeyShelter.API.csproj", "{01B7C27E-7728-4E75-A614-A5724F8C3FAB}"
EndProject
Project("{FAE04EC0-301F-11D3-BF4B-00C04F79EFBC}") = "MonkeyShelter.Core", "MonkeyShelter.Core\MonkeyShelter.Core.csproj", "{BB1C57CE-D417-43CB-9253-0496908B898A}"
EndProject
Project("{FAE04EC0-301F-11D3-BF4B-00C04F79EFBC}") = "MonkeyShelter.Infrastructure", "MonkeyShelter.Infrastructure\MonkeyShelter.Infrastructure.csproj", "{7ECDC45E-924D-4BFB-BEE4-CBCDE9BC04C2}"
EndProject
Project("{FAE04EC0-301F-11D3-BF4B-00C04F79EFBC}") = "MonkeyShelter.Services", "MonkeyShelter.Services\MonkeyShelter.Services.csproj", "{1EE4C258-02FC-4F11-A0DD-4DF8F952ACB4}"
EndProject
Project("{FAE04EC0-301F-11D3-BF4B-00C04F79EFBC}") = "MonkeyShelter.Console", "MonkeyShelter.Console\MonkeyShelter.Console.csproj", "{9AC213CA-92D7-4539-AFB0-A29604417605}"
EndProject
Global
	GlobalSection(SolutionConfigurationPlatforms) = preSolution
		Debug|Any CPU = Debug|Any CPU
		Release|Any CPU = Release|Any CPU
	EndGlobalSection
	GlobalSection(ProjectConfigurationPlatforms) = postSolution
		{01B7C27E-7728-4E75-A614-A5724F8C3FAB}.Debug|Any CPU.ActiveCfg = Debug|Any CPU
		{01B7C27E-7728-4E75-A614-A5724F8C3FAB}.Debug|Any CPU.Build.0 = Debug|Any CPU
		{01B7C27E-7728-4E75-A614-A5724F8C3FAB}.Release|Any CPU.ActiveCfg = Release|Any CPU
		{01B7C27E-7728-4E75-A614-A5724F8C3FAB}.Release|Any CPU.Build.0 = Release|Any CPU
		{BB1C57CE-D417-43CB-9253-0496908B898A}.Debug|Any CPU.ActiveCfg = Debug|Any CPU
		{BB1C57CE-D417-43CB-9253-0496908B898A}.Debug|Any CPU.Build.0 = Debug|Any CPU
		{BB1C57CE-D417-43CB-9253-0496908B898A}.Release|Any CPU.ActiveCfg = Release|Any CPU
		{BB1C57CE-D417-43CB-9253-0496908B898A}.Release|Any CPU.Build.0 = Release|Any CPU
		{7ECDC45E-924D-4BFB-BEE4-CBCDE9BC04C2}.Debug|Any CPU.ActiveCfg = Debug|Any CPU
		{7ECDC45E-924D-4BFB-BEE4-CBCDE9BC04C2}.Debug|Any CPU.Build.0 = Debug|Any CPU
		{7ECDC45E-924D-4BFB-BEE4-CBCDE9BC04C2}.Release|Any CPU.ActiveCfg = Release|Any CPU
		{7ECDC45E-924D-4BFB-BEE4-CBCDE9BC04C2}.Release|Any CPU.Build.0 = Release|Any CPU
		{1EE4C258-02FC-4F11-A0DD-4DF8F952ACB4}.Debug|Any CPU.ActiveCfg = Debug|Any CPU
		{1EE4C258-02FC-4F11-A0DD-4DF8F952ACB4}.Debug|Any CPU.Build.0 = Debug|Any CPU
		{1EE4C258-02FC-4F11-A0DD-4DF8F952ACB4}.Release|Any CPU.ActiveCfg = Release|Any CPU
		{1EE4C258-02FC-4F11-A0DD-4DF8F952ACB4}.Release|Any CPU.Build.0 = Release|Any CPU
		{9AC213CA-92D7-4539-AFB0-A29604417605}.Debug|Any CPU.ActiveCfg = Debug|Any CPU
		{9AC213CA-92D7-4539-AFB0-A29604417605}.Debug|Any CPU.Build.0 = Debug|Any CPU
		{9AC213CA-92D7-4539-AFB0-A29604417605}.Release|Any CPU.ActiveCfg = Release|Any CPU
		{9AC213CA-92D7-4539-AFB0-A29604417605}.Release|Any CPU.Build.0 = Release|Any CPU
	EndGlobalSection
	GlobalSection(SolutionProperties) = preSolution
		HideSolutionNode = FALSE
	EndGlobalSection
	GlobalSection(ExtensibilityGlobals) = postSolution
		SolutionGuid = {4C39C08B-300C-4DF8-A3F9-FD8DD64F08EA}
	EndGlobalSection
EndGlobal
